
Microsoft Visual Studio Solution File, Format Version 12.00
# Visual Studio Version 17
VisualStudioVersion = 17.7.34018.315
MinimumVisualStudioVersion = 10.0.40219.1
Project("{FAE04EC0-301F-11D3-BF4B-00C04F79EFBC}") = "uri1096", "uri1096\uri1096.csproj", "{F4E51DC8-BF1A-4A8F-9098-F53501825299}"
EndProject
Global
	GlobalSection(SolutionConfigurationPlatforms) = preSolution
		Debug|Any CPU = Debug|Any CPU
		Release|Any CPU = Release|Any CPU
	EndGlobalSection
	GlobalSection(ProjectConfigurationPlatforms) = postSolution
		{F4E51DC8-BF1A-4A8F-9098-F53501825299}.Debug|Any CPU.ActiveCfg = Debug|Any CPU
		{F4E51DC8-BF1A-4A8F-9098-F53501825299}.Debug|Any CPU.Build.0 = Debug|Any CPU
		{F4E51DC8-BF1A-4A8F-9098-F53501825299}.Release|Any CPU.ActiveCfg = Release|Any CPU
		{F4E51DC8-BF1A-4A8F-9098-F53501825299}.Release|Any CPU.Build.0 = Release|Any CPU
	EndGlobalSection
	GlobalSection(SolutionProperties) = preSolution
		HideSolutionNode = FALSE
	EndGlobalSection
	GlobalSection(ExtensibilityGlobals) = postSolution
		SolutionGuid = {D50D59E4-4EBC-474F-96E3-000D2BB01EBD}
	EndGlobalSection
EndGlobal
